
Microsoft Visual Studio Solution File, Format Version 12.00
# Visual Studio 15
VisualStudioVersion = 15.0.28307.1300
MinimumVisualStudioVersion = 10.0.40219.1
Project("{FAE04EC0-301F-11D3-BF4B-00C04F79EFBC}") = "Lab11", "Lab11\Lab11.csproj", "{97BD190F-265C-46FA-90E8-3D296307A0FD}"
EndProject
Global
	GlobalSection(SolutionConfigurationPlatforms) = preSolution
		Debug|Any CPU = Debug|Any CPU
		Release|Any CPU = Release|Any CPU
	EndGlobalSection
	GlobalSection(ProjectConfigurationPlatforms) = postSolution
		{97BD190F-265C-46FA-90E8-3D296307A0FD}.Debug|Any CPU.ActiveCfg = Debug|Any CPU
		{97BD190F-265C-46FA-90E8-3D296307A0FD}.Debug|Any CPU.Build.0 = Debug|Any CPU
		{97BD190F-265C-46FA-90E8-3D296307A0FD}.Release|Any CPU.ActiveCfg = Release|Any CPU
		{97BD190F-265C-46FA-90E8-3D296307A0FD}.Release|Any CPU.Build.0 = Release|Any CPU
	EndGlobalSection
	GlobalSection(SolutionProperties) = preSolution
		HideSolutionNode = FALSE
	EndGlobalSection
	GlobalSection(ExtensibilityGlobals) = postSolution
		SolutionGuid = {60DC3D4A-26AA-4666-B56D-7D1F4C242A3C}
	EndGlobalSection
EndGlobal
